// !$*UTF8*$!
{
	archiveVersion = 1;
	classes = {
	};
	objectVersion = 55;
	objects = {

/* Begin PBXBuildFile section */
		257DA1E927DDDFFD0067AAFB /* AppDelegate.swift in Sources */ = {isa = PBXBuildFile; fileRef = 257DA1E827DDDFFD0067AAFB /* AppDelegate.swift */; };
		257DA1EB27DDDFFD0067AAFB /* SceneDelegate.swift in Sources */ = {isa = PBXBuildFile; fileRef = 257DA1EA27DDDFFD0067AAFB /* SceneDelegate.swift */; };
		257DA1ED27DDDFFD0067AAFB /* ConversationViewController.swift in Sources */ = {isa = PBXBuildFile; fileRef = 257DA1EC27DDDFFD0067AAFB /* ConversationViewController.swift */; };
		257DA1F027DDDFFD0067AAFB /* Main.storyboard in Resources */ = {isa = PBXBuildFile; fileRef = 257DA1EE27DDDFFD0067AAFB /* Main.storyboard */; };
		257DA1F227DDDFFF0067AAFB /* Assets.xcassets in Resources */ = {isa = PBXBuildFile; fileRef = 257DA1F127DDDFFF0067AAFB /* Assets.xcassets */; };
		257DA1F527DDDFFF0067AAFB /* LaunchScreen.storyboard in Resources */ = {isa = PBXBuildFile; fileRef = 257DA1F327DDDFFF0067AAFB /* LaunchScreen.storyboard */; };
		257DA1FD27DDE2A30067AAFB /* LoginViewController.swift in Sources */ = {isa = PBXBuildFile; fileRef = 257DA1FC27DDE2A30067AAFB /* LoginViewController.swift */; };
		257DA1FF27DDE2AF0067AAFB /* RegisterViewController.swift in Sources */ = {isa = PBXBuildFile; fileRef = 257DA1FE27DDE2AF0067AAFB /* RegisterViewController.swift */; };
		257DA20127DE0F520067AAFB /* PhotoViewController.swift in Sources */ = {isa = PBXBuildFile; fileRef = 257DA20027DE0F520067AAFB /* PhotoViewController.swift */; };
		257DA20327DE0F5D0067AAFB /* VideoViewController.swift in Sources */ = {isa = PBXBuildFile; fileRef = 257DA20227DE0F5D0067AAFB /* VideoViewController.swift */; };
		257DA20527DE0FB60067AAFB /* NewConversationViewController.swift in Sources */ = {isa = PBXBuildFile; fileRef = 257DA20427DE0FB60067AAFB /* NewConversationViewController.swift */; };
		257DA20E27DE15770067AAFB /* Extensions.swift in Sources */ = {isa = PBXBuildFile; fileRef = 257DA20D27DE15770067AAFB /* Extensions.swift */; };
/* End PBXBuildFile section */

/* Begin PBXFileReference section */
		257DA1E527DDDFFD0067AAFB /* storyboardPlay.app */ = {isa = PBXFileReference; explicitFileType = wrapper.application; includeInIndex = 0; path = storyboardPlay.app; sourceTree = BUILT_PRODUCTS_DIR; };
		257DA1E827DDDFFD0067AAFB /* AppDelegate.swift */ = {isa = PBXFileReference; lastKnownFileType = sourcecode.swift; path = AppDelegate.swift; sourceTree = "<group>"; };
		257DA1EA27DDDFFD0067AAFB /* SceneDelegate.swift */ = {isa = PBXFileReference; lastKnownFileType = sourcecode.swift; path = SceneDelegate.swift; sourceTree = "<group>"; };
		257DA1EC27DDDFFD0067AAFB /* ConversationViewController.swift */ = {isa = PBXFileReference; lastKnownFileType = sourcecode.swift; path = ConversationViewController.swift; sourceTree = "<group>"; };
		257DA1EF27DDDFFD0067AAFB /* Base */ = {isa = PBXFileReference; lastKnownFileType = file.storyboard; name = Base; path = Base.lproj/Main.storyboard; sourceTree = "<group>"; };
		257DA1F127DDDFFF0067AAFB /* Assets.xcassets */ = {isa = PBXFileReference; lastKnownFileType = folder.assetcatalog; path = Assets.xcassets; sourceTree = "<group>"; };
		257DA1F427DDDFFF0067AAFB /* Base */ = {isa = PBXFileReference; lastKnownFileType = file.storyboard; name = Base; path = Base.lproj/LaunchScreen.storyboard; sourceTree = "<group>"; };
		257DA1F627DDDFFF0067AAFB /* Info.plist */ = {isa = PBXFileReference; lastKnownFileType = text.plist.xml; path = Info.plist; sourceTree = "<group>"; };
		257DA1FC27DDE2A30067AAFB /* LoginViewController.swift */ = {isa = PBXFileReference; lastKnownFileType = sourcecode.swift; path = LoginViewController.swift; sourceTree = "<group>"; };
		257DA1FE27DDE2AF0067AAFB /* RegisterViewController.swift */ = {isa = PBXFileReference; lastKnownFileType = sourcecode.swift; path = RegisterViewController.swift; sourceTree = "<group>"; };
		257DA20027DE0F520067AAFB /* PhotoViewController.swift */ = {isa = PBXFileReference; lastKnownFileType = sourcecode.swift; path = PhotoViewController.swift; sourceTree = "<group>"; };
		257DA20227DE0F5D0067AAFB /* VideoViewController.swift */ = {isa = PBXFileReference; lastKnownFileType = sourcecode.swift; path = VideoViewController.swift; sourceTree = "<group>"; };
		257DA20427DE0FB60067AAFB /* NewConversationViewController.swift */ = {isa = PBXFileReference; lastKnownFileType = sourcecode.swift; path = NewConversationViewController.swift; sourceTree = "<group>"; };
		257DA20D27DE15770067AAFB /* Extensions.swift */ = {isa = PBXFileReference; lastKnownFileType = sourcecode.swift; path = Extensions.swift; sourceTree = "<group>"; };
/* End PBXFileReference section */

/* Begin PBXFrameworksBuildPhase section */
		257DA1E227DDDFFD0067AAFB /* Frameworks */ = {
			isa = PBXFrameworksBuildPhase;
			buildActionMask = 2147483647;
			files = (
			);
			runOnlyForDeploymentPostprocessing = 0;
		};
/* End PBXFrameworksBuildPhase section */

/* Begin PBXGroup section */
		257DA1DC27DDDFFD0067AAFB = {
			isa = PBXGroup;
			children = (
				257DA1E727DDDFFD0067AAFB /* storyboardPlay */,
				257DA1E627DDDFFD0067AAFB /* Products */,
			);
			sourceTree = "<group>";
		};
		257DA1E627DDDFFD0067AAFB /* Products */ = {
			isa = PBXGroup;
			children = (
				257DA1E527DDDFFD0067AAFB /* storyboardPlay.app */,
			);
			name = Products;
			sourceTree = "<group>";
		};
		257DA1E727DDDFFD0067AAFB /* storyboardPlay */ = {
			isa = PBXGroup;
			children = (
				257DA20A27DE10180067AAFB /* ViewModels */,
				257DA20927DE0FFD0067AAFB /* Views */,
				257DA20827DE0FF30067AAFB /* Models */,
				257DA20727DE0FE20067AAFB /* Resources */,
				257DA20627DE0FC20067AAFB /* Controllers */,
				257DA1F627DDDFFF0067AAFB /* Info.plist */,
			);
			path = storyboardPlay;
			sourceTree = "<group>";
		};
		257DA20627DE0FC20067AAFB /* Controllers */ = {
			isa = PBXGroup;
			children = (
				257DA20C27DE108A0067AAFB /* login */,
				257DA1EC27DDDFFD0067AAFB /* ConversationViewController.swift */,
				257DA20027DE0F520067AAFB /* PhotoViewController.swift */,
				257DA20227DE0F5D0067AAFB /* VideoViewController.swift */,
				257DA20427DE0FB60067AAFB /* NewConversationViewController.swift */,
			);
			path = Controllers;
			sourceTree = "<group>";
		};
		257DA20727DE0FE20067AAFB /* Resources */ = {
			isa = PBXGroup;
			children = (
				257DA1E827DDDFFD0067AAFB /* AppDelegate.swift */,
				257DA1EA27DDDFFD0067AAFB /* SceneDelegate.swift */,
				257DA20D27DE15770067AAFB /* Extensions.swift */,
			);
			path = Resources;
			sourceTree = "<group>";
		};
		257DA20827DE0FF30067AAFB /* Models */ = {
			isa = PBXGroup;
			children = (
			);
			path = Models;
			sourceTree = "<group>";
		};
		257DA20927DE0FFD0067AAFB /* Views */ = {
			isa = PBXGroup;
			children = (
				257DA20B27DE10340067AAFB /* Storyboards */,
				257DA1F127DDDFFF0067AAFB /* Assets.xcassets */,
			);
			path = Views;
			sourceTree = "<group>";
		};
		257DA20A27DE10180067AAFB /* ViewModels */ = {
			isa = PBXGroup;
			children = (
			);
			path = ViewModels;
			sourceTree = "<group>";
		};
		257DA20B27DE10340067AAFB /* Storyboards */ = {
			isa = PBXGroup;
			children = (
				257DA1EE27DDDFFD0067AAFB /* Main.storyboard */,
				257DA1F327DDDFFF0067AAFB /* LaunchScreen.storyboard */,
			);
			path = Storyboards;
			sourceTree = "<group>";
		};
		257DA20C27DE108A0067AAFB /* login */ = {
			isa = PBXGroup;
			children = (
				257DA1FC27DDE2A30067AAFB /* LoginViewController.swift */,
				257DA1FE27DDE2AF0067AAFB /* RegisterViewController.swift */,
			);
			path = login;
			sourceTree = "<group>";
		};
/* End PBXGroup section */

/* Begin PBXNativeTarget section */
		257DA1E427DDDFFD0067AAFB /* storyboardPlay */ = {
			isa = PBXNativeTarget;
			buildConfigurationList = 257DA1F927DDDFFF0067AAFB /* Build configuration list for PBXNativeTarget "storyboardPlay" */;
			buildPhases = (
				257DA1E127DDDFFD0067AAFB /* Sources */,
				257DA1E227DDDFFD0067AAFB /* Frameworks */,
				257DA1E327DDDFFD0067AAFB /* Resources */,
			);
			buildRules = (
			);
			dependencies = (
			);
			name = storyboardPlay;
			productName = storyboardPlay;
			productReference = 257DA1E527DDDFFD0067AAFB /* storyboardPlay.app */;
			productType = "com.apple.product-type.application";
		};
/* End PBXNativeTarget section */

/* Begin PBXProject section */
		257DA1DD27DDDFFD0067AAFB /* Project object */ = {
			isa = PBXProject;
			attributes = {
				BuildIndependentTargetsInParallel = 1;
				LastSwiftUpdateCheck = 1320;
				LastUpgradeCheck = 1320;
				TargetAttributes = {
					257DA1E427DDDFFD0067AAFB = {
						CreatedOnToolsVersion = 13.2.1;
					};
				};
			};
			buildConfigurationList = 257DA1E027DDDFFD0067AAFB /* Build configuration list for PBXProject "storyboardPlay" */;
			compatibilityVersion = "Xcode 13.0";
			developmentRegion = en;
			hasScannedForEncodings = 0;
			knownRegions = (
				en,
				Base,
			);
			mainGroup = 257DA1DC27DDDFFD0067AAFB;
			productRefGroup = 257DA1E627DDDFFD0067AAFB /* Products */;
			projectDirPath = "";
			projectRoot = "";
			targets = (
				257DA1E427DDDFFD0067AAFB /* storyboardPlay */,
			);
		};
/* End PBXProject section */

/* Begin PBXResourcesBuildPhase section */
		257DA1E327DDDFFD0067AAFB /* Resources */ = {
			isa = PBXResourcesBuildPhase;
			buildActionMask = 2147483647;
			files = (
				257DA1F527DDDFFF0067AAFB /* LaunchScreen.storyboard in Resources */,
				257DA1F227DDDFFF0067AAFB /* Assets.xcassets in Resources */,
				257DA1F027DDDFFD0067AAFB /* Main.storyboard in Resources */,
			);
			runOnlyForDeploymentPostprocessing = 0;
		};
/* End PBXResourcesBuildPhase section */

/* Begin PBXSourcesBuildPhase section */
		257DA1E127DDDFFD0067AAFB /* Sources */ = {
			isa = PBXSourcesBuildPhase;
			buildActionMask = 2147483647;
			files = (
				257DA1FD27DDE2A30067AAFB /* LoginViewController.swift in Sources */,
				257DA20E27DE15770067AAFB /* Extensions.swift in Sources */,
				257DA20327DE0F5D0067AAFB /* VideoViewController.swift in Sources */,
				257DA20527DE0FB60067AAFB /* NewConversationViewController.swift in Sources */,
				257DA1FF27DDE2AF0067AAFB /* RegisterViewController.swift in Sources */,
				257DA1ED27DDDFFD0067AAFB /* ConversationViewController.swift in Sources */,
				257DA1E927DDDFFD0067AAFB /* AppDelegate.swift in Sources */,
				257DA1EB27DDDFFD0067AAFB /* SceneDelegate.swift in Sources */,
				257DA20127DE0F520067AAFB /* PhotoViewController.swift in Sources */,
			);
			runOnlyForDeploymentPostprocessing = 0;
		};
/* End PBXSourcesBuildPhase section */

/* Begin PBXVariantGroup section */
		257DA1EE27DDDFFD0067AAFB /* Main.storyboard */ = {
			isa = PBXVariantGroup;
			children = (
				257DA1EF27DDDFFD0067AAFB /* Base */,
			);
			name = Main.storyboard;
			sourceTree = "<group>";
		};
		257DA1F327DDDFFF0067AAFB /* LaunchScreen.storyboard */ = {
			isa = PBXVariantGroup;
			children = (
				257DA1F427DDDFFF0067AAFB /* Base */,
			);
			name = LaunchScreen.storyboard;
			sourceTree = "<group>";
		};
/* End PBXVariantGroup section */

/* Begin XCBuildConfiguration section */
		257DA1F727DDDFFF0067AAFB /* Debug */ = {
			isa = XCBuildConfiguration;
			buildSettings = {
				ALWAYS_SEARCH_USER_PATHS = NO;
				CLANG_ANALYZER_NONNULL = YES;
				CLANG_ANALYZER_NUMBER_OBJECT_CONVERSION = YES_AGGRESSIVE;
				CLANG_CXX_LANGUAGE_STANDARD = "gnu++17";
				CLANG_CXX_LIBRARY = "libc++";
				CLANG_ENABLE_MODULES = YES;
				CLANG_ENABLE_OBJC_ARC = YES;
				CLANG_ENABLE_OBJC_WEAK = YES;
				CLANG_WARN_BLOCK_CAPTURE_AUTORELEASING = YES;
				CLANG_WARN_BOOL_CONVERSION = YES;
				CLANG_WARN_COMMA = YES;
				CLANG_WARN_CONSTANT_CONVERSION = YES;
				CLANG_WARN_DEPRECATED_OBJC_IMPLEMENTATIONS = YES;
				CLANG_WARN_DIRECT_OBJC_ISA_USAGE = YES_ERROR;
				CLANG_WARN_DOCUMENTATION_COMMENTS = YES;
				CLANG_WARN_EMPTY_BODY = YES;
				CLANG_WARN_ENUM_CONVERSION = YES;
				CLANG_WARN_INFINITE_RECURSION = YES;
				CLANG_WARN_INT_CONVERSION = YES;
				CLANG_WARN_NON_LITERAL_NULL_CONVERSION = YES;
				CLANG_WARN_OBJC_IMPLICIT_RETAIN_SELF = YES;
				CLANG_WARN_OBJC_LITERAL_CONVERSION = YES;
				CLANG_WARN_OBJC_ROOT_CLASS = YES_ERROR;
				CLANG_WARN_QUOTED_INCLUDE_IN_FRAMEWORK_HEADER = YES;
				CLANG_WARN_RANGE_LOOP_ANALYSIS = YES;
				CLANG_WARN_STRICT_PROTOTYPES = YES;
				CLANG_WARN_SUSPICIOUS_MOVE = YES;
				CLANG_WARN_UNGUARDED_AVAILABILITY = YES_AGGRESSIVE;
				CLANG_WARN_UNREACHABLE_CODE = YES;
				CLANG_WARN__DUPLICATE_METHOD_MATCH = YES;
				COPY_PHASE_STRIP = NO;
				DEBUG_INFORMATION_FORMAT = dwarf;
				ENABLE_STRICT_OBJC_MSGSEND = YES;
				ENABLE_TESTABILITY = YES;
				GCC_C_LANGUAGE_STANDARD = gnu11;
				GCC_DYNAMIC_NO_PIC = NO;
				GCC_NO_COMMON_BLOCKS = YES;
				GCC_OPTIMIZATION_LEVEL = 0;
				GCC_PREPROCESSOR_DEFINITIONS = (
					"DEBUG=1",
					"$(inherited)",
				);
				GCC_WARN_64_TO_32_BIT_CONVERSION = YES;
				GCC_WARN_ABOUT_RETURN_TYPE = YES_ERROR;
				GCC_WARN_UNDECLARED_SELECTOR = YES;
				GCC_WARN_UNINITIALIZED_AUTOS = YES_AGGRESSIVE;
				GCC_WARN_UNUSED_FUNCTION = YES;
				GCC_WARN_UNUSED_VARIABLE = YES;
				IPHONEOS_DEPLOYMENT_TARGET = 15.2;
				MTL_ENABLE_DEBUG_INFO = INCLUDE_SOURCE;
				MTL_FAST_MATH = YES;
				ONLY_ACTIVE_ARCH = YES;
				SDKROOT = iphoneos;
				SWIFT_ACTIVE_COMPILATION_CONDITIONS = DEBUG;
				SWIFT_OPTIMIZATION_LEVEL = "-Onone";
			};
			name = Debug;
		};
		257DA1F827DDDFFF0067AAFB /* Release */ = {
			isa = XCBuildConfiguration;
			buildSettings = {
				ALWAYS_SEARCH_USER_PATHS = NO;
				CLANG_ANALYZER_NONNULL = YES;
				CLANG_ANALYZER_NUMBER_OBJECT_CONVERSION = YES_AGGRESSIVE;
				CLANG_CXX_LANGUAGE_STANDARD = "gnu++17";
				CLANG_CXX_LIBRARY = "libc++";
				CLANG_ENABLE_MODULES = YES;
				CLANG_ENABLE_OBJC_ARC = YES;
				CLANG_ENABLE_OBJC_WEAK = YES;
				CLANG_WARN_BLOCK_CAPTURE_AUTORELEASING = YES;
				CLANG_WARN_BOOL_CONVERSION = YES;
				CLANG_WARN_COMMA = YES;
				CLANG_WARN_CONSTANT_CONVERSION = YES;
				CLANG_WARN_DEPRECATED_OBJC_IMPLEMENTATIONS = YES;
				CLANG_WARN_DIRECT_OBJC_ISA_USAGE = YES_ERROR;
				CLANG_WARN_DOCUMENTATION_COMMENTS = YES;
				CLANG_WARN_EMPTY_BODY = YES;
				CLANG_WARN_ENUM_CONVERSION = YES;
				CLANG_WARN_INFINITE_RECURSION = YES;
				CLANG_WARN_INT_CONVERSION = YES;
				CLANG_WARN_NON_LITERAL_NULL_CONVERSION = YES;
				CLANG_WARN_OBJC_IMPLICIT_RETAIN_SELF = YES;
				CLANG_WARN_OBJC_LITERAL_CONVERSION = YES;
				CLANG_WARN_OBJC_ROOT_CLASS = YES_ERROR;
				CLANG_WARN_QUOTED_INCLUDE_IN_FRAMEWORK_HEADER = YES;
				CLANG_WARN_RANGE_LOOP_ANALYSIS = YES;
				CLANG_WARN_STRICT_PROTOTYPES = YES;
				CLANG_WARN_SUSPICIOUS_MOVE = YES;
				CLANG_WARN_UNGUARDED_AVAILABILITY = YES_AGGRESSIVE;
				CLANG_WARN_UNREACHABLE_CODE = YES;
				CLANG_WARN__DUPLICATE_METHOD_MATCH = YES;
				COPY_PHASE_STRIP = NO;
				DEBUG_INFORMATION_FORMAT = "dwarf-with-dsym";
				ENABLE_NS_ASSERTIONS = NO;
				ENABLE_STRICT_OBJC_MSGSEND = YES;
				GCC_C_LANGUAGE_STANDARD = gnu11;
				GCC_NO_COMMON_BLOCKS = YES;
				GCC_WARN_64_TO_32_BIT_CONVERSION = YES;
				GCC_WARN_ABOUT_RETURN_TYPE = YES_ERROR;
				GCC_WARN_UNDECLARED_SELECTOR = YES;
				GCC_WARN_UNINITIALIZED_AUTOS = YES_AGGRESSIVE;
				GCC_WARN_UNUSED_FUNCTION = YES;
				GCC_WARN_UNUSED_VARIABLE = YES;
				IPHONEOS_DEPLOYMENT_TARGET = 15.2;
				MTL_ENABLE_DEBUG_INFO = NO;
				MTL_FAST_MATH = YES;
				SDKROOT = iphoneos;
				SWIFT_COMPILATION_MODE = wholemodule;
				SWIFT_OPTIMIZATION_LEVEL = "-O";
				VALIDATE_PRODUCT = YES;
			};
			name = Release;
		};
		257DA1FA27DDDFFF0067AAFB /* Debug */ = {
			isa = XCBuildConfiguration;
			buildSettings = {
				ASSETCATALOG_COMPILER_APPICON_NAME = AppIcon;
				ASSETCATALOG_COMPILER_GLOBAL_ACCENT_COLOR_NAME = AccentColor;
				CODE_SIGN_STYLE = Automatic;
				CURRENT_PROJECT_VERSION = 1;
				DEVELOPMENT_TEAM = ZTU3F5VUJ6;
				GENERATE_INFOPLIST_FILE = YES;
				INFOPLIST_FILE = storyboardPlay/Info.plist;
				INFOPLIST_KEY_UIApplicationSupportsIndirectInputEvents = YES;
				INFOPLIST_KEY_UILaunchStoryboardName = LaunchScreen;
				INFOPLIST_KEY_UIMainStoryboardFile = Main;
				INFOPLIST_KEY_UISupportedInterfaceOrientations_iPad = "UIInterfaceOrientationPortrait UIInterfaceOrientationPortraitUpsideDown UIInterfaceOrientationLandscapeLeft UIInterfaceOrientationLandscapeRight";
				INFOPLIST_KEY_UISupportedInterfaceOrientations_iPhone = "UIInterfaceOrientationPortrait UIInterfaceOrientationLandscapeLeft UIInterfaceOrientationLandscapeRight";
				LD_RUNPATH_SEARCH_PATHS = (
					"$(inherited)",
					"@executable_path/Frameworks",
				);
				MARKETING_VERSION = 1.0;
				PRODUCT_BUNDLE_IDENTIFIER = ISL.storyboardPlay;
				PRODUCT_NAME = "$(TARGET_NAME)";
				SWIFT_EMIT_LOC_STRINGS = YES;
				SWIFT_VERSION = 5.0;
				TARGETED_DEVICE_FAMILY = "1,2";
			};
			name = Debug;
		};
		257DA1FB27DDDFFF0067AAFB /* Release */ = {
			isa = XCBuildConfiguration;
			buildSettings = {
				ASSETCATALOG_COMPILER_APPICON_NAME = AppIcon;
				ASSETCATALOG_COMPILER_GLOBAL_ACCENT_COLOR_NAME = AccentColor;
				CODE_SIGN_STYLE = Automatic;
				CURRENT_PROJECT_VERSION = 1;
				DEVELOPMENT_TEAM = ZTU3F5VUJ6;
				GENERATE_INFOPLIST_FILE = YES;
				INFOPLIST_FILE = storyboardPlay/Info.plist;
				INFOPLIST_KEY_UIApplicationSupportsIndirectInputEvents = YES;
				INFOPLIST_KEY_UILaunchStoryboardName = LaunchScreen;
				INFOPLIST_KEY_UIMainStoryboardFile = Main;
				INFOPLIST_KEY_UISupportedInterfaceOrientations_iPad = "UIInterfaceOrientationPortrait UIInterfaceOrientationPortraitUpsideDown UIInterfaceOrientationLandscapeLeft UIInterfaceOrientationLandscapeRight";
				INFOPLIST_KEY_UISupportedInterfaceOrientations_iPhone = "UIInterfaceOrientationPortrait UIInterfaceOrientationLandscapeLeft UIInterfaceOrientationLandscapeRight";
				LD_RUNPATH_SEARCH_PATHS = (
					"$(inherited)",
					"@executable_path/Frameworks",
				);
				MARKETING_VERSION = 1.0;
				PRODUCT_BUNDLE_IDENTIFIER = ISL.storyboardPlay;
				PRODUCT_NAME = "$(TARGET_NAME)";
				SWIFT_EMIT_LOC_STRINGS = YES;
				SWIFT_VERSION = 5.0;
				TARGETED_DEVICE_FAMILY = "1,2";
			};
			name = Release;
		};
/* End XCBuildConfiguration section */

/* Begin XCConfigurationList section */
		257DA1E027DDDFFD0067AAFB /* Build configuration list for PBXProject "storyboardPlay" */ = {
			isa = XCConfigurationList;
			buildConfigurations = (
				257DA1F727DDDFFF0067AAFB /* Debug */,
				257DA1F827DDDFFF0067AAFB /* Release */,
			);
			defaultConfigurationIsVisible = 0;
			defaultConfigurationName = Release;
		};
		257DA1F927DDDFFF0067AAFB /* Build configuration list for PBXNativeTarget "storyboardPlay" */ = {
			isa = XCConfigurationList;
			buildConfigurations = (
				257DA1FA27DDDFFF0067AAFB /* Debug */,
				257DA1FB27DDDFFF0067AAFB /* Release */,
			);
			defaultConfigurationIsVisible = 0;
			defaultConfigurationName = Release;
		};
/* End XCConfigurationList section */
	};
	rootObject = 257DA1DD27DDDFFD0067AAFB /* Project object */;
}
